# This file is autogenerated, do not edit; changes may be undone by the next 'dep ensure'.


[[projects]]
  branch = "master"
  name = "github.com/HotelsDotCom/flyte-client"
  packages = [
    "client",
    "flyte",
    "healthcheck"
  ]
  revision = "e6fac3e89d97228747aab75ca7468a5388d32d0b"

[[projects]]
  branch = "master"
  name = "github.com/HotelsDotCom/go-logger"
  packages = ["."]
  revision = "80a244c898b038d54a842d2197e2b2e9639b1565"

[[projects]]
  name = "github.com/davecgh/go-spew"
  packages = ["spew"]
  revision = "346938d642f2ec3594ed81d874461961cd0faa76"
  version = "v1.1.0"

[[projects]]
  name = "github.com/pmezard/go-difflib"
  packages = ["difflib"]
  revision = "792786c7400a136282c1664665ae0a8db921c6c2"
  version = "v1.0.0"

[[projects]]
  name = "github.com/stretchr/testify"
  packages = ["assert"]
  revision = "12b6f73e6084dad08a7c6e575284b177ecafbc71"
  version = "v1.2.1"

[solve-meta]
  analyzer-name = "dep"
  analyzer-version = 1
  inputs-digest = "a6776046d036bd57570105049ee0d56ab393f86df440236af6853b0bd79b9e24"
  solver-name = "gps-cdcl"
  solver-version = 1
